
Microsoft Visual Studio Solution File, Format Version 12.00
# Visual Studio Version 16
VisualStudioVersion = 16.0.30907.101
MinimumVisualStudioVersion = 10.0.40219.1
Project("{FAE04EC0-301F-11D3-BF4B-00C04F79EFBC}") = "Postcodes", "Postcodes\Postcodes.csproj", "{61A75A2A-9D54-4D52-B412-88696F78A78D}"
EndProject
Global
	GlobalSection(SolutionConfigurationPlatforms) = preSolution
		Debug|Any CPU = Debug|Any CPU
		Release|Any CPU = Release|Any CPU
	EndGlobalSection
	GlobalSection(ProjectConfigurationPlatforms) = postSolution
		{61A75A2A-9D54-4D52-B412-88696F78A78D}.Debug|Any CPU.ActiveCfg = Debug|Any CPU
		{61A75A2A-9D54-4D52-B412-88696F78A78D}.Debug|Any CPU.Build.0 = Debug|Any CPU
		{61A75A2A-9D54-4D52-B412-88696F78A78D}.Release|Any CPU.ActiveCfg = Release|Any CPU
		{61A75A2A-9D54-4D52-B412-88696F78A78D}.Release|Any CPU.Build.0 = Release|Any CPU
	EndGlobalSection
	GlobalSection(SolutionProperties) = preSolution
		HideSolutionNode = FALSE
	EndGlobalSection
	GlobalSection(ExtensibilityGlobals) = postSolution
		SolutionGuid = {9FF49226-1B3C-4545-8391-12B478175254}
	EndGlobalSection
EndGlobal
